
Microsoft Visual Studio Solution File, Format Version 12.00
# Visual Studio Version 16
VisualStudioVersion = 16.0.31624.102
MinimumVisualStudioVersion = 10.0.40219.1
Project("{FAE04EC0-301F-11D3-BF4B-00C04F79EFBC}") = "SpaceTradersApiDotNet", "SpaceTradersApiDotNet\SpaceTradersApiDotNet.csproj", "{FD7EAE8F-10CF-425B-B7CC-F1F76C26E3C1}"
EndProject
Global
	GlobalSection(SolutionConfigurationPlatforms) = preSolution
		Debug|Any CPU = Debug|Any CPU
		Release|Any CPU = Release|Any CPU
	EndGlobalSection
	GlobalSection(ProjectConfigurationPlatforms) = postSolution
		{FD7EAE8F-10CF-425B-B7CC-F1F76C26E3C1}.Debug|Any CPU.ActiveCfg = Debug|Any CPU
		{FD7EAE8F-10CF-425B-B7CC-F1F76C26E3C1}.Debug|Any CPU.Build.0 = Debug|Any CPU
		{FD7EAE8F-10CF-425B-B7CC-F1F76C26E3C1}.Release|Any CPU.ActiveCfg = Release|Any CPU
		{FD7EAE8F-10CF-425B-B7CC-F1F76C26E3C1}.Release|Any CPU.Build.0 = Release|Any CPU
	EndGlobalSection
	GlobalSection(SolutionProperties) = preSolution
		HideSolutionNode = FALSE
	EndGlobalSection
	GlobalSection(ExtensibilityGlobals) = postSolution
		SolutionGuid = {65FA17B1-4CBC-4342-B782-83F208B89A3F}
	EndGlobalSection
EndGlobal
